
Microsoft Visual Studio Solution File, Format Version 12.00
# Visual Studio 14
VisualStudioVersion = 14.0.25420.1
MinimumVisualStudioVersion = 10.0.40219.1
Project("{FAE04EC0-301F-11D3-BF4B-00C04F79EFBC}") = "tictactoe", "tictactoe\tictactoe.csproj", "{0D403994-DDA4-4AA6-B3BB-BE1F0EF27C7F}"
EndProject
Project("{FAE04EC0-301F-11D3-BF4B-00C04F79EFBC}") = "tictactoe_tests", "tictactoe_tests\tictactoe_tests.csproj", "{6316DD3A-C15A-45C0-AD04-14FB514FFF8B}"
EndProject
Project("{2150E333-8FDC-42A3-9474-1A3956D46DE8}") = "v1", "v1", "{DCDE0BE0-6E74-4BD1-9991-C7F46DCD3411}"
EndProject
Project("{FAE04EC0-301F-11D3-BF4B-00C04F79EFBC}") = "ttt", "ttt\ttt.csproj", "{48AD156A-5D63-436A-BC06-18172EEE38AB}"
EndProject
Project("{2150E333-8FDC-42A3-9474-1A3956D46DE8}") = "v2", "v2", "{C53E16A7-6280-4369-BF9C-AD4A2BD3C8B4}"
EndProject
Project("{FAE04EC0-301F-11D3-BF4B-00C04F79EFBC}") = "ttt.schiedsrichter", "ttt.schiedsrichter\ttt.schiedsrichter.csproj", "{45F671B8-2DC9-4B00-8FC3-4BB6BAADFEA9}"
EndProject
Project("{FAE04EC0-301F-11D3-BF4B-00C04F79EFBC}") = "ttt.contracts", "ttt.contracts\ttt.contracts.csproj", "{DB9BCBB7-02FB-416F-969D-E9252BB43D2D}"
EndProject
Project("{FAE04EC0-301F-11D3-BF4B-00C04F79EFBC}") = "ttt.schiedsrichter.tests", "ttt.schiedsrichter.tests\ttt.schiedsrichter.tests.csproj", "{169EDF90-58B8-4E78-B9E9-C4AC61803A49}"
EndProject
Project("{FAE04EC0-301F-11D3-BF4B-00C04F79EFBC}") = "continuations", "continuations\continuations.csproj", "{C37537B7-4DA4-4636-8EAE-3718FCA5AD7F}"
EndProject
Global
	GlobalSection(SolutionConfigurationPlatforms) = preSolution
		Debug|Any CPU = Debug|Any CPU
		Release|Any CPU = Release|Any CPU
	EndGlobalSection
	GlobalSection(ProjectConfigurationPlatforms) = postSolution
		{0D403994-DDA4-4AA6-B3BB-BE1F0EF27C7F}.Debug|Any CPU.ActiveCfg = Debug|Any CPU
		{0D403994-DDA4-4AA6-B3BB-BE1F0EF27C7F}.Debug|Any CPU.Build.0 = Debug|Any CPU
		{0D403994-DDA4-4AA6-B3BB-BE1F0EF27C7F}.Release|Any CPU.ActiveCfg = Release|Any CPU
		{0D403994-DDA4-4AA6-B3BB-BE1F0EF27C7F}.Release|Any CPU.Build.0 = Release|Any CPU
		{6316DD3A-C15A-45C0-AD04-14FB514FFF8B}.Debug|Any CPU.ActiveCfg = Debug|Any CPU
		{6316DD3A-C15A-45C0-AD04-14FB514FFF8B}.Debug|Any CPU.Build.0 = Debug|Any CPU
		{6316DD3A-C15A-45C0-AD04-14FB514FFF8B}.Release|Any CPU.ActiveCfg = Release|Any CPU
		{6316DD3A-C15A-45C0-AD04-14FB514FFF8B}.Release|Any CPU.Build.0 = Release|Any CPU
		{48AD156A-5D63-436A-BC06-18172EEE38AB}.Debug|Any CPU.ActiveCfg = Debug|Any CPU
		{48AD156A-5D63-436A-BC06-18172EEE38AB}.Debug|Any CPU.Build.0 = Debug|Any CPU
		{48AD156A-5D63-436A-BC06-18172EEE38AB}.Release|Any CPU.ActiveCfg = Release|Any CPU
		{48AD156A-5D63-436A-BC06-18172EEE38AB}.Release|Any CPU.Build.0 = Release|Any CPU
		{45F671B8-2DC9-4B00-8FC3-4BB6BAADFEA9}.Debug|Any CPU.ActiveCfg = Debug|Any CPU
		{45F671B8-2DC9-4B00-8FC3-4BB6BAADFEA9}.Debug|Any CPU.Build.0 = Debug|Any CPU
		{45F671B8-2DC9-4B00-8FC3-4BB6BAADFEA9}.Release|Any CPU.ActiveCfg = Release|Any CPU
		{45F671B8-2DC9-4B00-8FC3-4BB6BAADFEA9}.Release|Any CPU.Build.0 = Release|Any CPU
		{DB9BCBB7-02FB-416F-969D-E9252BB43D2D}.Debug|Any CPU.ActiveCfg = Debug|Any CPU
		{DB9BCBB7-02FB-416F-969D-E9252BB43D2D}.Debug|Any CPU.Build.0 = Debug|Any CPU
		{DB9BCBB7-02FB-416F-969D-E9252BB43D2D}.Release|Any CPU.ActiveCfg = Release|Any CPU
		{DB9BCBB7-02FB-416F-969D-E9252BB43D2D}.Release|Any CPU.Build.0 = Release|Any CPU
		{169EDF90-58B8-4E78-B9E9-C4AC61803A49}.Debug|Any CPU.ActiveCfg = Debug|Any CPU
		{169EDF90-58B8-4E78-B9E9-C4AC61803A49}.Debug|Any CPU.Build.0 = Debug|Any CPU
		{169EDF90-58B8-4E78-B9E9-C4AC61803A49}.Release|Any CPU.ActiveCfg = Release|Any CPU
		{169EDF90-58B8-4E78-B9E9-C4AC61803A49}.Release|Any CPU.Build.0 = Release|Any CPU
		{C37537B7-4DA4-4636-8EAE-3718FCA5AD7F}.Debug|Any CPU.ActiveCfg = Debug|Any CPU
		{C37537B7-4DA4-4636-8EAE-3718FCA5AD7F}.Debug|Any CPU.Build.0 = Debug|Any CPU
		{C37537B7-4DA4-4636-8EAE-3718FCA5AD7F}.Release|Any CPU.ActiveCfg = Release|Any CPU
		{C37537B7-4DA4-4636-8EAE-3718FCA5AD7F}.Release|Any CPU.Build.0 = Release|Any CPU
	EndGlobalSection
	GlobalSection(SolutionProperties) = preSolution
		HideSolutionNode = FALSE
	EndGlobalSection
	GlobalSection(NestedProjects) = preSolution
		{0D403994-DDA4-4AA6-B3BB-BE1F0EF27C7F} = {DCDE0BE0-6E74-4BD1-9991-C7F46DCD3411}
		{6316DD3A-C15A-45C0-AD04-14FB514FFF8B} = {DCDE0BE0-6E74-4BD1-9991-C7F46DCD3411}
		{48AD156A-5D63-436A-BC06-18172EEE38AB} = {C53E16A7-6280-4369-BF9C-AD4A2BD3C8B4}
		{45F671B8-2DC9-4B00-8FC3-4BB6BAADFEA9} = {C53E16A7-6280-4369-BF9C-AD4A2BD3C8B4}
		{DB9BCBB7-02FB-416F-969D-E9252BB43D2D} = {C53E16A7-6280-4369-BF9C-AD4A2BD3C8B4}
		{169EDF90-58B8-4E78-B9E9-C4AC61803A49} = {C53E16A7-6280-4369-BF9C-AD4A2BD3C8B4}
	EndGlobalSection
EndGlobal
